# Generated by buf. DO NOT EDIT.
version: v1
deps:
  - remote: buf.build
    owner: gnolang
    repository: gnonative
    commit: 5c73abc17c664a3e9ce6d81175a9927c
    digest: shake256:c81d94084a0a1a7eb0446f5d734caad1a0a1bb7503fd218c7790f7e53d869225fcb451e0cc5a1681958d6486dcb504af90baa507fc00df63f409cf882e9fe8d1
